
Microsoft Visual Studio Solution File, Format Version 12.00
# Visual Studio Version 17
VisualStudioVersion = 17.5.33516.290
MinimumVisualStudioVersion = 10.0.40219.1
Project("{2150E333-8FDC-42A3-9474-1A3956D46DE8}") = "Services", "Services", "{A8675517-EAF0-42B8-9D4F-FE2A9F632389}"
EndProject
Project("{2150E333-8FDC-42A3-9474-1A3956D46DE8}") = "Login", "Login", "{C0E1D29E-EB48-400E-9523-DB7BF713A841}"
EndProject
Project("{2150E333-8FDC-42A3-9474-1A3956D46DE8}") = "Store", "Store", "{0615DAF4-7F26-4F62-8152-86F0EB2F9932}"
EndProject
Project("{9A19103F-16F7-4668-BE54-9A1E7A4F7556}") = "ModsenOnlineStore.Login.API", "Services\TokenAuthentication\ModsenOnlineStore.Login.API\ModsenOnlineStore.Login.API.csproj", "{AD82534C-FF24-4F02-A9E1-8617B9B323D1}"
EndProject
Project("{9A19103F-16F7-4668-BE54-9A1E7A4F7556}") = "ModsenOnlineStore.Login.Application", "Services\TokenAuthentication\ModsenOnlineStore.Login.Application\ModsenOnlineStore.Login.Application.csproj", "{548FA8CE-9D94-49B7-A77A-B0FA32EC920E}"
EndProject
Project("{9A19103F-16F7-4668-BE54-9A1E7A4F7556}") = "ModsenOnlineStore.Login.Domain", "Services\TokenAuthentication\ModsenOnlineStore.Login.Domain\ModsenOnlineStore.Login.Domain.csproj", "{C950534D-0B67-4E49-AF9D-BE5419C2DAA4}"
EndProject
Project("{9A19103F-16F7-4668-BE54-9A1E7A4F7556}") = "ModsenOnlineStore.Login.Infrastructure", "Services\TokenAuthentication\ModsenOnlineStore.Login.Infrastructure\ModsenOnlineStore.Login.Infrastructure.csproj", "{E24A56DB-E7D7-4074-89B4-A0B5A9DDC739}"
EndProject
Project("{9A19103F-16F7-4668-BE54-9A1E7A4F7556}") = "ModsenOnlineStore.Common", "Services\ModsenOnlineStore.Common\ModsenOnlineStore.Common.csproj", "{857F3691-726F-495E-98E5-A866A9418153}"
EndProject
Project("{9A19103F-16F7-4668-BE54-9A1E7A4F7556}") = "ModsenOnlineStore.Store.Domain", "Services\Strore\ModsenOnlineStore.Store.Domain\ModsenOnlineStore.Store.Domain.csproj", "{C9D83084-7DDF-48F8-B141-3E23CD14A9E2}"
EndProject
Project("{9A19103F-16F7-4668-BE54-9A1E7A4F7556}") = "ModsenOnlineStore.Store.Application", "Services\Strore\ModsenOnlineStore.Store.Application\ModsenOnlineStore.Store.Application.csproj", "{0333C9F9-4845-450D-B5CE-A7662A21C08F}"
EndProject
Project("{9A19103F-16F7-4668-BE54-9A1E7A4F7556}") = "ModsenOnlineStore.Store.Infrastructure", "Services\Strore\ModsenOnlineStore.Store.Infrastructure\ModsenOnlineStore.Store.Infrastructure.csproj", "{D1B92ADA-41C2-4562-A953-DC417A0E0D33}"
EndProject
Project("{9A19103F-16F7-4668-BE54-9A1E7A4F7556}") = "ModsenOnlineStore.Store.API", "Services\Strore\ModsenOnlineStore.Store.API\ModsenOnlineStore.Store.API.csproj", "{EC955920-25A4-46C9-9EFD-F607B2E9D4C8}"
EndProject
Project("{2150E333-8FDC-42A3-9474-1A3956D46DE8}") = "EmailAuthentication", "EmailAuthentication", "{96C29EC6-AAC0-4A28-9850-B5C82F79B1BF}"
EndProject
Project("{9A19103F-16F7-4668-BE54-9A1E7A4F7556}") = "ModsenOnlineStore.EmailAuthentication.API", "Services\EmailAuthentication\ModsenOnlineStore.EmailAuthentication.API\ModsenOnlineStore.EmailAuthentication.API.csproj", "{03B9445F-6571-4F12-9989-EE4D5F1FEFB5}"
EndProject
Project("{9A19103F-16F7-4668-BE54-9A1E7A4F7556}") = "ModsenOnlineStore.EmailAuthentication.Application", "Services\EmailAuthentication\ModsenOnlineStore.EmailAuthentication.Application\ModsenOnlineStore.EmailAuthentication.Application.csproj", "{9A7E06AB-61E5-47C6-BBA0-C5D1A3805E34}"
EndProject
Project("{9A19103F-16F7-4668-BE54-9A1E7A4F7556}") = "ModsenOnlineStore.EmailAuthentication.Infrastructure", "Services\EmailAuthentication\ModsenOnlineStore.EmailAuthentication.Infrastructure\ModsenOnlineStore.EmailAuthentication.Infrastructure.csproj", "{83F4DA50-7CE5-4395-B5B2-01FD4640F5D3}"
EndProject
Project("{FAE04EC0-301F-11D3-BF4B-00C04F79EFBC}") = "ModsenOnlineStore.EmailAuthentication.Domain", "Services\EmailAuthentication\ModsenOnlineStore.EmailAuthentication.Domain\ModsenOnlineStore.EmailAuthentication.Domain.csproj", "{3F469206-6240-42CC-859A-6E3BB94F59AB}"
EndProject
Global
	GlobalSection(SolutionConfigurationPlatforms) = preSolution
		Debug|Any CPU = Debug|Any CPU
		Release|Any CPU = Release|Any CPU
	EndGlobalSection
	GlobalSection(ProjectConfigurationPlatforms) = postSolution
		{AD82534C-FF24-4F02-A9E1-8617B9B323D1}.Debug|Any CPU.ActiveCfg = Debug|Any CPU
		{AD82534C-FF24-4F02-A9E1-8617B9B323D1}.Debug|Any CPU.Build.0 = Debug|Any CPU
		{AD82534C-FF24-4F02-A9E1-8617B9B323D1}.Release|Any CPU.ActiveCfg = Release|Any CPU
		{AD82534C-FF24-4F02-A9E1-8617B9B323D1}.Release|Any CPU.Build.0 = Release|Any CPU
		{548FA8CE-9D94-49B7-A77A-B0FA32EC920E}.Debug|Any CPU.ActiveCfg = Debug|Any CPU
		{548FA8CE-9D94-49B7-A77A-B0FA32EC920E}.Debug|Any CPU.Build.0 = Debug|Any CPU
		{548FA8CE-9D94-49B7-A77A-B0FA32EC920E}.Release|Any CPU.ActiveCfg = Release|Any CPU
		{548FA8CE-9D94-49B7-A77A-B0FA32EC920E}.Release|Any CPU.Build.0 = Release|Any CPU
		{C950534D-0B67-4E49-AF9D-BE5419C2DAA4}.Debug|Any CPU.ActiveCfg = Debug|Any CPU
		{C950534D-0B67-4E49-AF9D-BE5419C2DAA4}.Debug|Any CPU.Build.0 = Debug|Any CPU
		{C950534D-0B67-4E49-AF9D-BE5419C2DAA4}.Release|Any CPU.ActiveCfg = Release|Any CPU
		{C950534D-0B67-4E49-AF9D-BE5419C2DAA4}.Release|Any CPU.Build.0 = Release|Any CPU
		{E24A56DB-E7D7-4074-89B4-A0B5A9DDC739}.Debug|Any CPU.ActiveCfg = Debug|Any CPU
		{E24A56DB-E7D7-4074-89B4-A0B5A9DDC739}.Debug|Any CPU.Build.0 = Debug|Any CPU
		{E24A56DB-E7D7-4074-89B4-A0B5A9DDC739}.Release|Any CPU.ActiveCfg = Release|Any CPU
		{E24A56DB-E7D7-4074-89B4-A0B5A9DDC739}.Release|Any CPU.Build.0 = Release|Any CPU
		{857F3691-726F-495E-98E5-A866A9418153}.Debug|Any CPU.ActiveCfg = Debug|Any CPU
		{857F3691-726F-495E-98E5-A866A9418153}.Debug|Any CPU.Build.0 = Debug|Any CPU
		{857F3691-726F-495E-98E5-A866A9418153}.Release|Any CPU.ActiveCfg = Release|Any CPU
		{857F3691-726F-495E-98E5-A866A9418153}.Release|Any CPU.Build.0 = Release|Any CPU
		{C9D83084-7DDF-48F8-B141-3E23CD14A9E2}.Debug|Any CPU.ActiveCfg = Debug|Any CPU
		{C9D83084-7DDF-48F8-B141-3E23CD14A9E2}.Debug|Any CPU.Build.0 = Debug|Any CPU
		{C9D83084-7DDF-48F8-B141-3E23CD14A9E2}.Release|Any CPU.ActiveCfg = Release|Any CPU
		{C9D83084-7DDF-48F8-B141-3E23CD14A9E2}.Release|Any CPU.Build.0 = Release|Any CPU
		{0333C9F9-4845-450D-B5CE-A7662A21C08F}.Debug|Any CPU.ActiveCfg = Debug|Any CPU
		{0333C9F9-4845-450D-B5CE-A7662A21C08F}.Debug|Any CPU.Build.0 = Debug|Any CPU
		{0333C9F9-4845-450D-B5CE-A7662A21C08F}.Release|Any CPU.ActiveCfg = Release|Any CPU
		{0333C9F9-4845-450D-B5CE-A7662A21C08F}.Release|Any CPU.Build.0 = Release|Any CPU
		{D1B92ADA-41C2-4562-A953-DC417A0E0D33}.Debug|Any CPU.ActiveCfg = Debug|Any CPU
		{D1B92ADA-41C2-4562-A953-DC417A0E0D33}.Debug|Any CPU.Build.0 = Debug|Any CPU
		{D1B92ADA-41C2-4562-A953-DC417A0E0D33}.Release|Any CPU.ActiveCfg = Release|Any CPU
		{D1B92ADA-41C2-4562-A953-DC417A0E0D33}.Release|Any CPU.Build.0 = Release|Any CPU
		{EC955920-25A4-46C9-9EFD-F607B2E9D4C8}.Debug|Any CPU.ActiveCfg = Debug|Any CPU
		{EC955920-25A4-46C9-9EFD-F607B2E9D4C8}.Debug|Any CPU.Build.0 = Debug|Any CPU
		{EC955920-25A4-46C9-9EFD-F607B2E9D4C8}.Release|Any CPU.ActiveCfg = Release|Any CPU
		{EC955920-25A4-46C9-9EFD-F607B2E9D4C8}.Release|Any CPU.Build.0 = Release|Any CPU
		{03B9445F-6571-4F12-9989-EE4D5F1FEFB5}.Debug|Any CPU.ActiveCfg = Debug|Any CPU
		{03B9445F-6571-4F12-9989-EE4D5F1FEFB5}.Debug|Any CPU.Build.0 = Debug|Any CPU
		{03B9445F-6571-4F12-9989-EE4D5F1FEFB5}.Release|Any CPU.ActiveCfg = Release|Any CPU
		{03B9445F-6571-4F12-9989-EE4D5F1FEFB5}.Release|Any CPU.Build.0 = Release|Any CPU
		{9A7E06AB-61E5-47C6-BBA0-C5D1A3805E34}.Debug|Any CPU.ActiveCfg = Debug|Any CPU
		{9A7E06AB-61E5-47C6-BBA0-C5D1A3805E34}.Debug|Any CPU.Build.0 = Debug|Any CPU
		{9A7E06AB-61E5-47C6-BBA0-C5D1A3805E34}.Release|Any CPU.ActiveCfg = Release|Any CPU
		{9A7E06AB-61E5-47C6-BBA0-C5D1A3805E34}.Release|Any CPU.Build.0 = Release|Any CPU
		{83F4DA50-7CE5-4395-B5B2-01FD4640F5D3}.Debug|Any CPU.ActiveCfg = Debug|Any CPU
		{83F4DA50-7CE5-4395-B5B2-01FD4640F5D3}.Debug|Any CPU.Build.0 = Debug|Any CPU
		{83F4DA50-7CE5-4395-B5B2-01FD4640F5D3}.Release|Any CPU.ActiveCfg = Release|Any CPU
		{83F4DA50-7CE5-4395-B5B2-01FD4640F5D3}.Release|Any CPU.Build.0 = Release|Any CPU
		{3F469206-6240-42CC-859A-6E3BB94F59AB}.Debug|Any CPU.ActiveCfg = Debug|Any CPU
		{3F469206-6240-42CC-859A-6E3BB94F59AB}.Debug|Any CPU.Build.0 = Debug|Any CPU
		{3F469206-6240-42CC-859A-6E3BB94F59AB}.Release|Any CPU.ActiveCfg = Release|Any CPU
		{3F469206-6240-42CC-859A-6E3BB94F59AB}.Release|Any CPU.Build.0 = Release|Any CPU
	EndGlobalSection
	GlobalSection(SolutionProperties) = preSolution
		HideSolutionNode = FALSE
	EndGlobalSection
	GlobalSection(NestedProjects) = preSolution
		{C0E1D29E-EB48-400E-9523-DB7BF713A841} = {A8675517-EAF0-42B8-9D4F-FE2A9F632389}
		{0615DAF4-7F26-4F62-8152-86F0EB2F9932} = {A8675517-EAF0-42B8-9D4F-FE2A9F632389}
		{AD82534C-FF24-4F02-A9E1-8617B9B323D1} = {C0E1D29E-EB48-400E-9523-DB7BF713A841}
		{548FA8CE-9D94-49B7-A77A-B0FA32EC920E} = {C0E1D29E-EB48-400E-9523-DB7BF713A841}
		{C950534D-0B67-4E49-AF9D-BE5419C2DAA4} = {C0E1D29E-EB48-400E-9523-DB7BF713A841}
		{E24A56DB-E7D7-4074-89B4-A0B5A9DDC739} = {C0E1D29E-EB48-400E-9523-DB7BF713A841}
		{C9D83084-7DDF-48F8-B141-3E23CD14A9E2} = {0615DAF4-7F26-4F62-8152-86F0EB2F9932}
		{0333C9F9-4845-450D-B5CE-A7662A21C08F} = {0615DAF4-7F26-4F62-8152-86F0EB2F9932}
		{D1B92ADA-41C2-4562-A953-DC417A0E0D33} = {0615DAF4-7F26-4F62-8152-86F0EB2F9932}
		{EC955920-25A4-46C9-9EFD-F607B2E9D4C8} = {0615DAF4-7F26-4F62-8152-86F0EB2F9932}
		{96C29EC6-AAC0-4A28-9850-B5C82F79B1BF} = {A8675517-EAF0-42B8-9D4F-FE2A9F632389}
		{03B9445F-6571-4F12-9989-EE4D5F1FEFB5} = {96C29EC6-AAC0-4A28-9850-B5C82F79B1BF}
		{9A7E06AB-61E5-47C6-BBA0-C5D1A3805E34} = {96C29EC6-AAC0-4A28-9850-B5C82F79B1BF}
		{83F4DA50-7CE5-4395-B5B2-01FD4640F5D3} = {96C29EC6-AAC0-4A28-9850-B5C82F79B1BF}
		{3F469206-6240-42CC-859A-6E3BB94F59AB} = {96C29EC6-AAC0-4A28-9850-B5C82F79B1BF}
	EndGlobalSection
	GlobalSection(ExtensibilityGlobals) = postSolution
		SolutionGuid = {2ED6A0A6-2BFC-4BC1-9E6F-DA2383D0A34D}
	EndGlobalSection
EndGlobal
